
Microsoft Visual Studio Solution File, Format Version 12.00
# Visual Studio 15
VisualStudioVersion = 15.0.27703.2026
MinimumVisualStudioVersion = 10.0.40219.1
Project("{FAE04EC0-301F-11D3-BF4B-00C04F79EFBC}") = "PhotoXD", "PhotoXD\PhotoXD.csproj", "{8AB0048C-345A-40EA-9D5A-63840DE37A37}"
EndProject
Global
	GlobalSection(SolutionConfigurationPlatforms) = preSolution
		Debug|Any CPU = Debug|Any CPU
		Release|Any CPU = Release|Any CPU
	EndGlobalSection
	GlobalSection(ProjectConfigurationPlatforms) = postSolution
		{8AB0048C-345A-40EA-9D5A-63840DE37A37}.Debug|Any CPU.ActiveCfg = Debug|Any CPU
		{8AB0048C-345A-40EA-9D5A-63840DE37A37}.Debug|Any CPU.Build.0 = Debug|Any CPU
		{8AB0048C-345A-40EA-9D5A-63840DE37A37}.Release|Any CPU.ActiveCfg = Release|Any CPU
		{8AB0048C-345A-40EA-9D5A-63840DE37A37}.Release|Any CPU.Build.0 = Release|Any CPU
	EndGlobalSection
	GlobalSection(SolutionProperties) = preSolution
		HideSolutionNode = FALSE
	EndGlobalSection
	GlobalSection(ExtensibilityGlobals) = postSolution
		SolutionGuid = {4F8B9127-34BE-4D31-A469-2FAC44CBE4C5}
	EndGlobalSection
EndGlobal
